
Microsoft Visual Studio Solution File, Format Version 12.00
# Visual Studio Version 17
VisualStudioVersion = 17.4.33110.190
MinimumVisualStudioVersion = 10.0.40219.1
Project("{2150E333-8FDC-42A3-9474-1A3956D46DE8}") = "src", "src", "{404DDA6F-8B10-4A3D-8082-F2D4F4C1971F}"
EndProject
Project("{2150E333-8FDC-42A3-9474-1A3956D46DE8}") = "tests", "tests", "{B52B1953-212E-40B9-B8D4-135FFD03BB24}"
EndProject
Project("{9A19103F-16F7-4668-BE54-9A1E7A4F7556}") = "BMJ.Authenticator.Application", "src\BMJ.Authenticator.Application\BMJ.Authenticator.Application.csproj", "{DE3EA2B9-BB60-4D3B-AE34-99CA4159FB03}"
EndProject
Project("{9A19103F-16F7-4668-BE54-9A1E7A4F7556}") = "BMJ.Authenticator.Infrastructure", "src\BMJ.Authenticator.Infrastructure\BMJ.Authenticator.Infrastructure.csproj", "{95FCEE9A-A636-4351-82D9-ABF3A22C66E1}"
EndProject
Project("{9A19103F-16F7-4668-BE54-9A1E7A4F7556}") = "BMJ.Authenticator.Domain", "src\BMJ.Authenticator.Domain\BMJ.Authenticator.Domain.csproj", "{E2C486B3-94D3-41CA-AA47-E9A5148464FB}"
EndProject
Project("{9A19103F-16F7-4668-BE54-9A1E7A4F7556}") = "BMJ.Authenticator.Api", "src\BMJ.Authenticator.Api\BMJ.Authenticator.Api.csproj", "{8926286E-8B0C-4298-9241-8A6E8824A858}"
EndProject
Project("{9A19103F-16F7-4668-BE54-9A1E7A4F7556}") = "BMJ.Authenticator.Host", "src\BMJ.Authenticator.Host\BMJ.Authenticator.Host.csproj", "{355665A6-E0DF-4961-8515-645D1F1AC147}"
EndProject
Project("{2150E333-8FDC-42A3-9474-1A3956D46DE8}") = "Entities", "Entities", "{DB8E8BE6-85BF-45BE-A22D-C0D1289A8DD3}"
EndProject
Project("{2150E333-8FDC-42A3-9474-1A3956D46DE8}") = "UseCases", "UseCases", "{466AC35C-206E-41A4-91C2-91BFA9D90369}"
EndProject
Project("{2150E333-8FDC-42A3-9474-1A3956D46DE8}") = "InterfaceAdapters", "InterfaceAdapters", "{1D0D64CB-1EFD-4D18-906B-AFA8CC1B91CA}"
EndProject
Project("{2150E333-8FDC-42A3-9474-1A3956D46DE8}") = "FrameworksAndDrivers", "FrameworksAndDrivers", "{9D2E5A0D-946B-4ED1-83EC-01B932B01DDF}"
EndProject
Project("{2150E333-8FDC-42A3-9474-1A3956D46DE8}") = "Solution Items", "Solution Items", "{4081FE2B-B434-4EBE-93A6-BC9DC04ABDF8}"
	ProjectSection(SolutionItems) = preProject
		.gitignore = .gitignore
		README.md = README.md
	EndProjectSection
EndProject
Project("{2150E333-8FDC-42A3-9474-1A3956D46DE8}") = "build", "build", "{A258B94E-64EC-41E7-BD10-A5F699D34284}"
	ProjectSection(SolutionItems) = preProject
		build\docker-compose.yml = build\docker-compose.yml
	EndProjectSection
EndProject
Global
	GlobalSection(SolutionConfigurationPlatforms) = preSolution
		Debug|Any CPU = Debug|Any CPU
		Release|Any CPU = Release|Any CPU
	EndGlobalSection
	GlobalSection(ProjectConfigurationPlatforms) = postSolution
		{DE3EA2B9-BB60-4D3B-AE34-99CA4159FB03}.Debug|Any CPU.ActiveCfg = Debug|Any CPU
		{DE3EA2B9-BB60-4D3B-AE34-99CA4159FB03}.Debug|Any CPU.Build.0 = Debug|Any CPU
		{DE3EA2B9-BB60-4D3B-AE34-99CA4159FB03}.Release|Any CPU.ActiveCfg = Release|Any CPU
		{DE3EA2B9-BB60-4D3B-AE34-99CA4159FB03}.Release|Any CPU.Build.0 = Release|Any CPU
		{95FCEE9A-A636-4351-82D9-ABF3A22C66E1}.Debug|Any CPU.ActiveCfg = Debug|Any CPU
		{95FCEE9A-A636-4351-82D9-ABF3A22C66E1}.Debug|Any CPU.Build.0 = Debug|Any CPU
		{95FCEE9A-A636-4351-82D9-ABF3A22C66E1}.Release|Any CPU.ActiveCfg = Release|Any CPU
		{95FCEE9A-A636-4351-82D9-ABF3A22C66E1}.Release|Any CPU.Build.0 = Release|Any CPU
		{E2C486B3-94D3-41CA-AA47-E9A5148464FB}.Debug|Any CPU.ActiveCfg = Debug|Any CPU
		{E2C486B3-94D3-41CA-AA47-E9A5148464FB}.Debug|Any CPU.Build.0 = Debug|Any CPU
		{E2C486B3-94D3-41CA-AA47-E9A5148464FB}.Release|Any CPU.ActiveCfg = Release|Any CPU
		{E2C486B3-94D3-41CA-AA47-E9A5148464FB}.Release|Any CPU.Build.0 = Release|Any CPU
		{8926286E-8B0C-4298-9241-8A6E8824A858}.Debug|Any CPU.ActiveCfg = Debug|Any CPU
		{8926286E-8B0C-4298-9241-8A6E8824A858}.Debug|Any CPU.Build.0 = Debug|Any CPU
		{8926286E-8B0C-4298-9241-8A6E8824A858}.Release|Any CPU.ActiveCfg = Release|Any CPU
		{8926286E-8B0C-4298-9241-8A6E8824A858}.Release|Any CPU.Build.0 = Release|Any CPU
		{355665A6-E0DF-4961-8515-645D1F1AC147}.Debug|Any CPU.ActiveCfg = Debug|Any CPU
		{355665A6-E0DF-4961-8515-645D1F1AC147}.Debug|Any CPU.Build.0 = Debug|Any CPU
		{355665A6-E0DF-4961-8515-645D1F1AC147}.Release|Any CPU.ActiveCfg = Release|Any CPU
		{355665A6-E0DF-4961-8515-645D1F1AC147}.Release|Any CPU.Build.0 = Release|Any CPU
	EndGlobalSection
	GlobalSection(SolutionProperties) = preSolution
		HideSolutionNode = FALSE
	EndGlobalSection
	GlobalSection(NestedProjects) = preSolution
		{DE3EA2B9-BB60-4D3B-AE34-99CA4159FB03} = {466AC35C-206E-41A4-91C2-91BFA9D90369}
		{95FCEE9A-A636-4351-82D9-ABF3A22C66E1} = {1D0D64CB-1EFD-4D18-906B-AFA8CC1B91CA}
		{E2C486B3-94D3-41CA-AA47-E9A5148464FB} = {DB8E8BE6-85BF-45BE-A22D-C0D1289A8DD3}
		{8926286E-8B0C-4298-9241-8A6E8824A858} = {1D0D64CB-1EFD-4D18-906B-AFA8CC1B91CA}
		{355665A6-E0DF-4961-8515-645D1F1AC147} = {1D0D64CB-1EFD-4D18-906B-AFA8CC1B91CA}
		{DB8E8BE6-85BF-45BE-A22D-C0D1289A8DD3} = {404DDA6F-8B10-4A3D-8082-F2D4F4C1971F}
		{466AC35C-206E-41A4-91C2-91BFA9D90369} = {404DDA6F-8B10-4A3D-8082-F2D4F4C1971F}
		{1D0D64CB-1EFD-4D18-906B-AFA8CC1B91CA} = {404DDA6F-8B10-4A3D-8082-F2D4F4C1971F}
		{9D2E5A0D-946B-4ED1-83EC-01B932B01DDF} = {404DDA6F-8B10-4A3D-8082-F2D4F4C1971F}
	EndGlobalSection
	GlobalSection(ExtensibilityGlobals) = postSolution
		SolutionGuid = {6B40C838-83BD-4B12-A8CF-D3937E2FA033}
	EndGlobalSection
EndGlobal
